
Microsoft Visual Studio Solution File, Format Version 12.00
# Visual Studio Version 17
VisualStudioVersion = 17.5.002.0
MinimumVisualStudioVersion = 10.0.40219.1
Project("{9A19103F-16F7-4668-BE54-9A1E7A4F7556}") = "Data", "Data\Data.csproj", "{DCAFE6BA-AF89-45F0-8D15-D57285D07711}"
EndProject
Project("{9A19103F-16F7-4668-BE54-9A1E7A4F7556}") = "UserAPIServices", "UserAPIServices\UserAPIServices.csproj", "{8FB53677-D218-4946-B0DB-2FBCAC7156A5}"
EndProject
Global
	GlobalSection(SolutionConfigurationPlatforms) = preSolution
		Debug|Any CPU = Debug|Any CPU
		Release|Any CPU = Release|Any CPU
	EndGlobalSection
	GlobalSection(ProjectConfigurationPlatforms) = postSolution
		{DCAFE6BA-AF89-45F0-8D15-D57285D07711}.Debug|Any CPU.ActiveCfg = Debug|Any CPU
		{DCAFE6BA-AF89-45F0-8D15-D57285D07711}.Debug|Any CPU.Build.0 = Debug|Any CPU
		{DCAFE6BA-AF89-45F0-8D15-D57285D07711}.Release|Any CPU.ActiveCfg = Release|Any CPU
		{DCAFE6BA-AF89-45F0-8D15-D57285D07711}.Release|Any CPU.Build.0 = Release|Any CPU
		{8FB53677-D218-4946-B0DB-2FBCAC7156A5}.Debug|Any CPU.ActiveCfg = Debug|Any CPU
		{8FB53677-D218-4946-B0DB-2FBCAC7156A5}.Debug|Any CPU.Build.0 = Debug|Any CPU
		{8FB53677-D218-4946-B0DB-2FBCAC7156A5}.Release|Any CPU.ActiveCfg = Release|Any CPU
		{8FB53677-D218-4946-B0DB-2FBCAC7156A5}.Release|Any CPU.Build.0 = Release|Any CPU
	EndGlobalSection
	GlobalSection(SolutionProperties) = preSolution
		HideSolutionNode = FALSE
	EndGlobalSection
	GlobalSection(ExtensibilityGlobals) = postSolution
		SolutionGuid = {984A0D42-ACB1-4278-8807-D77F579D20D7}
	EndGlobalSection
EndGlobal
